// !$*UTF8*$!
{
	archiveVersion = 1;
	classes = {
	};
	objectVersion = 50;
	objects = {

/* Begin PBXBuildFile section */
		13AF3D9C3AE8CDBC86E17B7A /* Pods_Todoey.framework in Frameworks */ = {isa = PBXBuildFile; fileRef = F68A5F725AF06063BAEFB54C /* Pods_Todoey.framework */; };
		8845CEC321A557B700F60CB8 /* SwipeTableViewController.swift in Sources */ = {isa = PBXBuildFile; fileRef = 8845CEC221A557B700F60CB8 /* SwipeTableViewController.swift */; };
		88819DE821A293D400FB3908 /* CategoryViewController.swift in Sources */ = {isa = PBXBuildFile; fileRef = 88819DE721A293D400FB3908 /* CategoryViewController.swift */; };
		88819DEC21A2E71600FB3908 /* Item.swift in Sources */ = {isa = PBXBuildFile; fileRef = 88819DEB21A2E71600FB3908 /* Item.swift */; };
		88819DEE21A2E72300FB3908 /* Category.swift in Sources */ = {isa = PBXBuildFile; fileRef = 88819DED21A2E72300FB3908 /* Category.swift */; };
		88A1E775219F3A5600F0630A /* AppDelegate.swift in Sources */ = {isa = PBXBuildFile; fileRef = 88A1E774219F3A5600F0630A /* AppDelegate.swift */; };
		88A1E777219F3A5600F0630A /* TodoListViewController.swift in Sources */ = {isa = PBXBuildFile; fileRef = 88A1E776219F3A5600F0630A /* TodoListViewController.swift */; };
		88A1E77A219F3A5600F0630A /* Main.storyboard in Resources */ = {isa = PBXBuildFile; fileRef = 88A1E778219F3A5600F0630A /* Main.storyboard */; };
		88A1E77C219F3A5800F0630A /* Assets.xcassets in Resources */ = {isa = PBXBuildFile; fileRef = 88A1E77B219F3A5800F0630A /* Assets.xcassets */; };
		88A1E77F219F3A5800F0630A /* LaunchScreen.storyboard in Resources */ = {isa = PBXBuildFile; fileRef = 88A1E77D219F3A5800F0630A /* LaunchScreen.storyboard */; };
/* End PBXBuildFile section */

/* Begin PBXFileReference section */
		0F59AFB0A7E14587E4AA464A /* Pods-Todoey.debug.xcconfig */ = {isa = PBXFileReference; includeInIndex = 1; lastKnownFileType = text.xcconfig; name = "Pods-Todoey.debug.xcconfig"; path = "Pods/Target Support Files/Pods-Todoey/Pods-Todoey.debug.xcconfig"; sourceTree = "<group>"; };
		8845CEC221A557B700F60CB8 /* SwipeTableViewController.swift */ = {isa = PBXFileReference; lastKnownFileType = sourcecode.swift; path = SwipeTableViewController.swift; sourceTree = "<group>"; };
		88819DE721A293D400FB3908 /* CategoryViewController.swift */ = {isa = PBXFileReference; lastKnownFileType = sourcecode.swift; path = CategoryViewController.swift; sourceTree = "<group>"; };
		88819DEB21A2E71600FB3908 /* Item.swift */ = {isa = PBXFileReference; lastKnownFileType = sourcecode.swift; path = Item.swift; sourceTree = "<group>"; };
		88819DED21A2E72300FB3908 /* Category.swift */ = {isa = PBXFileReference; lastKnownFileType = sourcecode.swift; path = Category.swift; sourceTree = "<group>"; };
		88A1E771219F3A5600F0630A /* Todoey.app */ = {isa = PBXFileReference; explicitFileType = wrapper.application; includeInIndex = 0; path = Todoey.app; sourceTree = BUILT_PRODUCTS_DIR; };
		88A1E774219F3A5600F0630A /* AppDelegate.swift */ = {isa = PBXFileReference; lastKnownFileType = sourcecode.swift; path = AppDelegate.swift; sourceTree = "<group>"; };
		88A1E776219F3A5600F0630A /* TodoListViewController.swift */ = {isa = PBXFileReference; lastKnownFileType = sourcecode.swift; path = TodoListViewController.swift; sourceTree = "<group>"; };
		88A1E779219F3A5600F0630A /* Base */ = {isa = PBXFileReference; lastKnownFileType = file.storyboard; name = Base; path = Base.lproj/Main.storyboard; sourceTree = "<group>"; };
		88A1E77B219F3A5800F0630A /* Assets.xcassets */ = {isa = PBXFileReference; lastKnownFileType = folder.assetcatalog; path = Assets.xcassets; sourceTree = "<group>"; };
		88A1E77E219F3A5800F0630A /* Base */ = {isa = PBXFileReference; lastKnownFileType = file.storyboard; name = Base; path = Base.lproj/LaunchScreen.storyboard; sourceTree = "<group>"; };
		88A1E780219F3A5800F0630A /* Info.plist */ = {isa = PBXFileReference; lastKnownFileType = text.plist.xml; path = Info.plist; sourceTree = "<group>"; };
		F68A5F725AF06063BAEFB54C /* Pods_Todoey.framework */ = {isa = PBXFileReference; explicitFileType = wrapper.framework; includeInIndex = 0; path = Pods_Todoey.framework; sourceTree = BUILT_PRODUCTS_DIR; };
		FB30B470EA3AE9B848F710AD /* Pods-Todoey.release.xcconfig */ = {isa = PBXFileReference; includeInIndex = 1; lastKnownFileType = text.xcconfig; name = "Pods-Todoey.release.xcconfig"; path = "Pods/Target Support Files/Pods-Todoey/Pods-Todoey.release.xcconfig"; sourceTree = "<group>"; };
/* End PBXFileReference section */

/* Begin PBXFrameworksBuildPhase section */
		88A1E76E219F3A5600F0630A /* Frameworks */ = {
			isa = PBXFrameworksBuildPhase;
			buildActionMask = 2147483647;
			files = (
				13AF3D9C3AE8CDBC86E17B7A /* Pods_Todoey.framework in Frameworks */,
			);
			runOnlyForDeploymentPostprocessing = 0;
		};
/* End PBXFrameworksBuildPhase section */

/* Begin PBXGroup section */
		0D3279C1F3C5A4D892436AC8 /* Frameworks */ = {
			isa = PBXGroup;
			children = (
				F68A5F725AF06063BAEFB54C /* Pods_Todoey.framework */,
			);
			name = Frameworks;
			sourceTree = "<group>";
		};
		201014F250BB073E5FEBAAFD /* Pods */ = {
			isa = PBXGroup;
			children = (
				0F59AFB0A7E14587E4AA464A /* Pods-Todoey.debug.xcconfig */,
				FB30B470EA3AE9B848F710AD /* Pods-Todoey.release.xcconfig */,
			);
			name = Pods;
			sourceTree = "<group>";
		};
		88A1E768219F3A5600F0630A = {
			isa = PBXGroup;
			children = (
				88A1E773219F3A5600F0630A /* Todoey */,
				88A1E772219F3A5600F0630A /* Products */,
				201014F250BB073E5FEBAAFD /* Pods */,
				0D3279C1F3C5A4D892436AC8 /* Frameworks */,
			);
			sourceTree = "<group>";
		};
		88A1E772219F3A5600F0630A /* Products */ = {
			isa = PBXGroup;
			children = (
				88A1E771219F3A5600F0630A /* Todoey.app */,
			);
			name = Products;
			sourceTree = "<group>";
		};
		88A1E773219F3A5600F0630A /* Todoey */ = {
			isa = PBXGroup;
			children = (
				88A1E774219F3A5600F0630A /* AppDelegate.swift */,
				88D334A321A01EA900BA2C68 /* Controllers */,
				88D334A221A01E8400BA2C68 /* Data Model */,
				88D334A421A01EC100BA2C68 /* Views */,
				88D334A521A01EED00BA2C68 /* Supporting Files */,
				88A1E780219F3A5800F0630A /* Info.plist */,
			);
			path = Todoey;
			sourceTree = "<group>";
		};
		88D334A221A01E8400BA2C68 /* Data Model */ = {
			isa = PBXGroup;
			children = (
				88819DED21A2E72300FB3908 /* Category.swift */,
				88819DEB21A2E71600FB3908 /* Item.swift */,
			);
			path = "Data Model";
			sourceTree = "<group>";
		};
		88D334A321A01EA900BA2C68 /* Controllers */ = {
			isa = PBXGroup;
			children = (
				88819DE721A293D400FB3908 /* CategoryViewController.swift */,
				88A1E776219F3A5600F0630A /* TodoListViewController.swift */,
				8845CEC221A557B700F60CB8 /* SwipeTableViewController.swift */,
			);
			path = Controllers;
			sourceTree = "<group>";
		};
		88D334A421A01EC100BA2C68 /* Views */ = {
			isa = PBXGroup;
			children = (
				88A1E778219F3A5600F0630A /* Main.storyboard */,
			);
			path = Views;
			sourceTree = "<group>";
		};
		88D334A521A01EED00BA2C68 /* Supporting Files */ = {
			isa = PBXGroup;
			children = (
				88A1E77B219F3A5800F0630A /* Assets.xcassets */,
				88A1E77D219F3A5800F0630A /* LaunchScreen.storyboard */,
			);
			path = "Supporting Files";
			sourceTree = "<group>";
		};
/* End PBXGroup section */

/* Begin PBXNativeTarget section */
		88A1E770219F3A5600F0630A /* Todoey */ = {
			isa = PBXNativeTarget;
			buildConfigurationList = 88A1E783219F3A5800F0630A /* Build configuration list for PBXNativeTarget "Todoey" */;
			buildPhases = (
				6A158B546E45A619852EB35C /* [CP] Check Pods Manifest.lock */,
				88A1E76D219F3A5600F0630A /* Sources */,
				88A1E76E219F3A5600F0630A /* Frameworks */,
				88A1E76F219F3A5600F0630A /* Resources */,
				18BE6520EB2545357CB3DB2C /* [CP] Embed Pods Frameworks */,
			);
			buildRules = (
			);
			dependencies = (
			);
			name = Todoey;
			productName = Todoey;
			productReference = 88A1E771219F3A5600F0630A /* Todoey.app */;
			productType = "com.apple.product-type.application";
		};
/* End PBXNativeTarget section */

/* Begin PBXProject section */
		88A1E769219F3A5600F0630A /* Project object */ = {
			isa = PBXProject;
			attributes = {
				LastSwiftUpdateCheck = 1010;
				LastUpgradeCheck = 1010;
				ORGANIZATIONNAME = "Yusuf ÇAĞLAR";
				TargetAttributes = {
					88A1E770219F3A5600F0630A = {
						CreatedOnToolsVersion = 10.1;
					};
				};
			};
			buildConfigurationList = 88A1E76C219F3A5600F0630A /* Build configuration list for PBXProject "Todoey" */;
			compatibilityVersion = "Xcode 9.3";
			developmentRegion = en;
			hasScannedForEncodings = 0;
			knownRegions = (
				en,
				Base,
			);
			mainGroup = 88A1E768219F3A5600F0630A;
			productRefGroup = 88A1E772219F3A5600F0630A /* Products */;
			projectDirPath = "";
			projectRoot = "";
			targets = (
				88A1E770219F3A5600F0630A /* Todoey */,
			);
		};
/* End PBXProject section */

/* Begin PBXResourcesBuildPhase section */
		88A1E76F219F3A5600F0630A /* Resources */ = {
			isa = PBXResourcesBuildPhase;
			buildActionMask = 2147483647;
			files = (
				88A1E77F219F3A5800F0630A /* LaunchScreen.storyboard in Resources */,
				88A1E77C219F3A5800F0630A /* Assets.xcassets in Resources */,
				88A1E77A219F3A5600F0630A /* Main.storyboard in Resources */,
			);
			runOnlyForDeploymentPostprocessing = 0;
		};
/* End PBXResourcesBuildPhase section */

/* Begin PBXShellScriptBuildPhase section */
		18BE6520EB2545357CB3DB2C /* [CP] Embed Pods Frameworks */ = {
			isa = PBXShellScriptBuildPhase;
			buildActionMask = 2147483647;
			files = (
			);
			inputFileListPaths = (
			);
			inputPaths = (
				"${SRCROOT}/Pods/Target Support Files/Pods-Todoey/Pods-Todoey-frameworks.sh",
				"${BUILT_PRODUCTS_DIR}/Realm/Realm.framework",
				"${BUILT_PRODUCTS_DIR}/RealmSwift/RealmSwift.framework",
				"${BUILT_PRODUCTS_DIR}/SwipeCellKit/SwipeCellKit.framework",
			);
			name = "[CP] Embed Pods Frameworks";
			outputFileListPaths = (
			);
			outputPaths = (
				"${TARGET_BUILD_DIR}/${FRAMEWORKS_FOLDER_PATH}/Realm.framework",
				"${TARGET_BUILD_DIR}/${FRAMEWORKS_FOLDER_PATH}/RealmSwift.framework",
				"${TARGET_BUILD_DIR}/${FRAMEWORKS_FOLDER_PATH}/SwipeCellKit.framework",
			);
			runOnlyForDeploymentPostprocessing = 0;
			shellPath = /bin/sh;
			shellScript = "\"${SRCROOT}/Pods/Target Support Files/Pods-Todoey/Pods-Todoey-frameworks.sh\"\n";
			showEnvVarsInLog = 0;
		};
		6A158B546E45A619852EB35C /* [CP] Check Pods Manifest.lock */ = {
			isa = PBXShellScriptBuildPhase;
			buildActionMask = 2147483647;
			files = (
			);
			inputFileListPaths = (
			);
			inputPaths = (
				"${PODS_PODFILE_DIR_PATH}/Podfile.lock",
				"${PODS_ROOT}/Manifest.lock",
			);
			name = "[CP] Check Pods Manifest.lock";
			outputFileListPaths = (
			);
			outputPaths = (
				"$(DERIVED_FILE_DIR)/Pods-Todoey-checkManifestLockResult.txt",
			);
			runOnlyForDeploymentPostprocessing = 0;
			shellPath = /bin/sh;
			shellScript = "diff \"${PODS_PODFILE_DIR_PATH}/Podfile.lock\" \"${PODS_ROOT}/Manifest.lock\" > /dev/null\nif [ $? != 0 ] ; then\n    # print error to STDERR\n    echo \"error: The sandbox is not in sync with the Podfile.lock. Run 'pod install' or update your CocoaPods installation.\" >&2\n    exit 1\nfi\n# This output is used by Xcode 'outputs' to avoid re-running this script phase.\necho \"SUCCESS\" > \"${SCRIPT_OUTPUT_FILE_0}\"\n";
			showEnvVarsInLog = 0;
		};
/* End PBXShellScriptBuildPhase section */

/* Begin PBXSourcesBuildPhase section */
		88A1E76D219F3A5600F0630A /* Sources */ = {
			isa = PBXSourcesBuildPhase;
			buildActionMask = 2147483647;
			files = (
				88819DEC21A2E71600FB3908 /* Item.swift in Sources */,
				88819DE821A293D400FB3908 /* CategoryViewController.swift in Sources */,
				88A1E777219F3A5600F0630A /* TodoListViewController.swift in Sources */,
				88A1E775219F3A5600F0630A /* AppDelegate.swift in Sources */,
				8845CEC321A557B700F60CB8 /* SwipeTableViewController.swift in Sources */,
				88819DEE21A2E72300FB3908 /* Category.swift in Sources */,
			);
			runOnlyForDeploymentPostprocessing = 0;
		};
/* End PBXSourcesBuildPhase section */

/* Begin PBXVariantGroup section */
		88A1E778219F3A5600F0630A /* Main.storyboard */ = {
			isa = PBXVariantGroup;
			children = (
				88A1E779219F3A5600F0630A /* Base */,
			);
			name = Main.storyboard;
			sourceTree = "<group>";
		};
		88A1E77D219F3A5800F0630A /* LaunchScreen.storyboard */ = {
			isa = PBXVariantGroup;
			children = (
				88A1E77E219F3A5800F0630A /* Base */,
			);
			name = LaunchScreen.storyboard;
			sourceTree = "<group>";
		};
/* End PBXVariantGroup section */

/* Begin XCBuildConfiguration section */
		88A1E781219F3A5800F0630A /* Debug */ = {
			isa = XCBuildConfiguration;
			buildSettings = {
				ALWAYS_SEARCH_USER_PATHS = NO;
				CLANG_ANALYZER_NONNULL = YES;
				CLANG_ANALYZER_NUMBER_OBJECT_CONVERSION = YES_AGGRESSIVE;
				CLANG_CXX_LANGUAGE_STANDARD = "gnu++14";
				CLANG_CXX_LIBRARY = "libc++";
				CLANG_ENABLE_MODULES = YES;
				CLANG_ENABLE_OBJC_ARC = YES;
				CLANG_ENABLE_OBJC_WEAK = YES;
				CLANG_WARN_BLOCK_CAPTURE_AUTORELEASING = YES;
				CLANG_WARN_BOOL_CONVERSION = YES;
				CLANG_WARN_COMMA = YES;
				CLANG_WARN_CONSTANT_CONVERSION = YES;
				CLANG_WARN_DEPRECATED_OBJC_IMPLEMENTATIONS = YES;
				CLANG_WARN_DIRECT_OBJC_ISA_USAGE = YES_ERROR;
				CLANG_WARN_DOCUMENTATION_COMMENTS = YES;
				CLANG_WARN_EMPTY_BODY = YES;
				CLANG_WARN_ENUM_CONVERSION = YES;
				CLANG_WARN_INFINITE_RECURSION = YES;
				CLANG_WARN_INT_CONVERSION = YES;
				CLANG_WARN_NON_LITERAL_NULL_CONVERSION = YES;
				CLANG_WARN_OBJC_IMPLICIT_RETAIN_SELF = YES;
				CLANG_WARN_OBJC_LITERAL_CONVERSION = YES;
				CLANG_WARN_OBJC_ROOT_CLASS = YES_ERROR;
				CLANG_WARN_RANGE_LOOP_ANALYSIS = YES;
				CLANG_WARN_STRICT_PROTOTYPES = YES;
				CLANG_WARN_SUSPICIOUS_MOVE = YES;
				CLANG_WARN_UNGUARDED_AVAILABILITY = YES_AGGRESSIVE;
				CLANG_WARN_UNREACHABLE_CODE = YES;
				CLANG_WARN__DUPLICATE_METHOD_MATCH = YES;
				CODE_SIGN_IDENTITY = "iPhone Developer";
				COPY_PHASE_STRIP = NO;
				DEBUG_INFORMATION_FORMAT = dwarf;
				ENABLE_STRICT_OBJC_MSGSEND = YES;
				ENABLE_TESTABILITY = YES;
				GCC_C_LANGUAGE_STANDARD = gnu11;
				GCC_DYNAMIC_NO_PIC = NO;
				GCC_NO_COMMON_BLOCKS = YES;
				GCC_OPTIMIZATION_LEVEL = 0;
				GCC_PREPROCESSOR_DEFINITIONS = (
					"DEBUG=1",
					"$(inherited)",
				);
				GCC_WARN_64_TO_32_BIT_CONVERSION = YES;
				GCC_WARN_ABOUT_RETURN_TYPE = YES_ERROR;
				GCC_WARN_UNDECLARED_SELECTOR = YES;
				GCC_WARN_UNINITIALIZED_AUTOS = YES_AGGRESSIVE;
				GCC_WARN_UNUSED_FUNCTION = YES;
				GCC_WARN_UNUSED_VARIABLE = YES;
				IPHONEOS_DEPLOYMENT_TARGET = 12.1;
				MTL_ENABLE_DEBUG_INFO = INCLUDE_SOURCE;
				MTL_FAST_MATH = YES;
				ONLY_ACTIVE_ARCH = YES;
				SDKROOT = iphoneos;
				SWIFT_ACTIVE_COMPILATION_CONDITIONS = DEBUG;
				SWIFT_OPTIMIZATION_LEVEL = "-Onone";
			};
			name = Debug;
		};
		88A1E782219F3A5800F0630A /* Release */ = {
			isa = XCBuildConfiguration;
			buildSettings = {
				ALWAYS_SEARCH_USER_PATHS = NO;
				CLANG_ANALYZER_NONNULL = YES;
				CLANG_ANALYZER_NUMBER_OBJECT_CONVERSION = YES_AGGRESSIVE;
				CLANG_CXX_LANGUAGE_STANDARD = "gnu++14";
				CLANG_CXX_LIBRARY = "libc++";
				CLANG_ENABLE_MODULES = YES;
				CLANG_ENABLE_OBJC_ARC = YES;
				CLANG_ENABLE_OBJC_WEAK = YES;
				CLANG_WARN_BLOCK_CAPTURE_AUTORELEASING = YES;
				CLANG_WARN_BOOL_CONVERSION = YES;
				CLANG_WARN_COMMA = YES;
				CLANG_WARN_CONSTANT_CONVERSION = YES;
				CLANG_WARN_DEPRECATED_OBJC_IMPLEMENTATIONS = YES;
				CLANG_WARN_DIRECT_OBJC_ISA_USAGE = YES_ERROR;
				CLANG_WARN_DOCUMENTATION_COMMENTS = YES;
				CLANG_WARN_EMPTY_BODY = YES;
				CLANG_WARN_ENUM_CONVERSION = YES;
				CLANG_WARN_INFINITE_RECURSION = YES;
				CLANG_WARN_INT_CONVERSION = YES;
				CLANG_WARN_NON_LITERAL_NULL_CONVERSION = YES;
				CLANG_WARN_OBJC_IMPLICIT_RETAIN_SELF = YES;
				CLANG_WARN_OBJC_LITERAL_CONVERSION = YES;
				CLANG_WARN_OBJC_ROOT_CLASS = YES_ERROR;
				CLANG_WARN_RANGE_LOOP_ANALYSIS = YES;
				CLANG_WARN_STRICT_PROTOTYPES = YES;
				CLANG_WARN_SUSPICIOUS_MOVE = YES;
				CLANG_WARN_UNGUARDED_AVAILABILITY = YES_AGGRESSIVE;
				CLANG_WARN_UNREACHABLE_CODE = YES;
				CLANG_WARN__DUPLICATE_METHOD_MATCH = YES;
				CODE_SIGN_IDENTITY = "iPhone Developer";
				COPY_PHASE_STRIP = NO;
				DEBUG_INFORMATION_FORMAT = "dwarf-with-dsym";
				ENABLE_NS_ASSERTIONS = NO;
				ENABLE_STRICT_OBJC_MSGSEND = YES;
				GCC_C_LANGUAGE_STANDARD = gnu11;
				GCC_NO_COMMON_BLOCKS = YES;
				GCC_WARN_64_TO_32_BIT_CONVERSION = YES;
				GCC_WARN_ABOUT_RETURN_TYPE = YES_ERROR;
				GCC_WARN_UNDECLARED_SELECTOR = YES;
				GCC_WARN_UNINITIALIZED_AUTOS = YES_AGGRESSIVE;
				GCC_WARN_UNUSED_FUNCTION = YES;
				GCC_WARN_UNUSED_VARIABLE = YES;
				IPHONEOS_DEPLOYMENT_TARGET = 12.1;
				MTL_ENABLE_DEBUG_INFO = NO;
				MTL_FAST_MATH = YES;
				SDKROOT = iphoneos;
				SWIFT_COMPILATION_MODE = wholemodule;
				SWIFT_OPTIMIZATION_LEVEL = "-O";
				VALIDATE_PRODUCT = YES;
			};
			name = Release;
		};
		88A1E784219F3A5800F0630A /* Debug */ = {
			isa = XCBuildConfiguration;
			baseConfigurationReference = 0F59AFB0A7E14587E4AA464A /* Pods-Todoey.debug.xcconfig */;
			buildSettings = {
				ASSETCATALOG_COMPILER_APPICON_NAME = AppIcon;
				CODE_SIGN_STYLE = Automatic;
				DEVELOPMENT_TEAM = 238CXC7DZ6;
				INFOPLIST_FILE = Todoey/Info.plist;
				IPHONEOS_DEPLOYMENT_TARGET = 12.0;
				LD_RUNPATH_SEARCH_PATHS = (
					"$(inherited)",
					"@executable_path/Frameworks",
				);
				PRODUCT_BUNDLE_IDENTIFIER = com.yusufcaglar.Todoey;
				PRODUCT_NAME = "$(TARGET_NAME)";
				SWIFT_VERSION = 4.2;
				TARGETED_DEVICE_FAMILY = "1,2";
			};
			name = Debug;
		};
		88A1E785219F3A5800F0630A /* Release */ = {
			isa = XCBuildConfiguration;
			baseConfigurationReference = FB30B470EA3AE9B848F710AD /* Pods-Todoey.release.xcconfig */;
			buildSettings = {
				ASSETCATALOG_COMPILER_APPICON_NAME = AppIcon;
				CODE_SIGN_STYLE = Automatic;
				DEVELOPMENT_TEAM = 238CXC7DZ6;
				INFOPLIST_FILE = Todoey/Info.plist;
				IPHONEOS_DEPLOYMENT_TARGET = 12.0;
				LD_RUNPATH_SEARCH_PATHS = (
					"$(inherited)",
					"@executable_path/Frameworks",
				);
				PRODUCT_BUNDLE_IDENTIFIER = com.yusufcaglar.Todoey;
				PRODUCT_NAME = "$(TARGET_NAME)";
				SWIFT_VERSION = 4.2;
				TARGETED_DEVICE_FAMILY = "1,2";
			};
			name = Release;
		};
/* End XCBuildConfiguration section */

/* Begin XCConfigurationList section */
		88A1E76C219F3A5600F0630A /* Build configuration list for PBXProject "Todoey" */ = {
			isa = XCConfigurationList;
			buildConfigurations = (
				88A1E781219F3A5800F0630A /* Debug */,
				88A1E782219F3A5800F0630A /* Release */,
			);
			defaultConfigurationIsVisible = 0;
			defaultConfigurationName = Release;
		};
		88A1E783219F3A5800F0630A /* Build configuration list for PBXNativeTarget "Todoey" */ = {
			isa = XCConfigurationList;
			buildConfigurations = (
				88A1E784219F3A5800F0630A /* Debug */,
				88A1E785219F3A5800F0630A /* Release */,
			);
			defaultConfigurationIsVisible = 0;
			defaultConfigurationName = Release;
		};
/* End XCConfigurationList section */
	};
	rootObject = 88A1E769219F3A5600F0630A /* Project object */;
}
